// !$*UTF8*$!
{
	archiveVersion = 1;
	classes = {
	};
	objectVersion = 46;
	objects = {

/* Begin PBXBuildFile section */
		9CD874181A6AFDC100C11B3B /* AppDelegate.swift in Sources */ = {isa = PBXBuildFile; fileRef = 9CD874171A6AFDC100C11B3B /* AppDelegate.swift */; };
		9CD8741A1A6AFDC100C11B3B /* ViewController.swift in Sources */ = {isa = PBXBuildFile; fileRef = 9CD874191A6AFDC100C11B3B /* ViewController.swift */; };
		9CD8741D1A6AFDC100C11B3B /* Main.storyboard in Resources */ = {isa = PBXBuildFile; fileRef = 9CD8741B1A6AFDC100C11B3B /* Main.storyboard */; };
		9CD8741F1A6AFDC100C11B3B /* Images.xcassets in Resources */ = {isa = PBXBuildFile; fileRef = 9CD8741E1A6AFDC100C11B3B /* Images.xcassets */; };
		9CD874221A6AFDC100C11B3B /* LaunchScreen.xib in Resources */ = {isa = PBXBuildFile; fileRef = 9CD874201A6AFDC100C11B3B /* LaunchScreen.xib */; };
		9CD8742E1A6AFDC100C11B3B /* TheAutoLayoutiestOfThemAllTests.swift in Sources */ = {isa = PBXBuildFile; fileRef = 9CD8742D1A6AFDC100C11B3B /* TheAutoLayoutiestOfThemAllTests.swift */; };
		9CD874381A6AFE1700C11B3B /* TheTableViewCell.swift in Sources */ = {isa = PBXBuildFile; fileRef = 9CD874371A6AFE1700C11B3B /* TheTableViewCell.swift */; };
		9CD8743A1A6AFE2B00C11B3B /* TheTableViewController.swift in Sources */ = {isa = PBXBuildFile; fileRef = 9CD874391A6AFE2B00C11B3B /* TheTableViewController.swift */; };
/* End PBXBuildFile section */

/* Begin PBXContainerItemProxy section */
		9CD874281A6AFDC100C11B3B /* PBXContainerItemProxy */ = {
			isa = PBXContainerItemProxy;
			containerPortal = 9CD8740A1A6AFDC100C11B3B /* Project object */;
			proxyType = 1;
			remoteGlobalIDString = 9CD874111A6AFDC100C11B3B;
			remoteInfo = TheAutoLayoutiestOfThemAll;
		};
/* End PBXContainerItemProxy section */

/* Begin PBXFileReference section */
		9CD874121A6AFDC100C11B3B /* TheAutoLayoutiestOfThemAll.app */ = {isa = PBXFileReference; explicitFileType = wrapper.application; includeInIndex = 0; path = TheAutoLayoutiestOfThemAll.app; sourceTree = BUILT_PRODUCTS_DIR; };
		9CD874161A6AFDC100C11B3B /* Info.plist */ = {isa = PBXFileReference; lastKnownFileType = text.plist.xml; path = Info.plist; sourceTree = "<group>"; };
		9CD874171A6AFDC100C11B3B /* AppDelegate.swift */ = {isa = PBXFileReference; lastKnownFileType = sourcecode.swift; path = AppDelegate.swift; sourceTree = "<group>"; };
		9CD874191A6AFDC100C11B3B /* ViewController.swift */ = {isa = PBXFileReference; lastKnownFileType = sourcecode.swift; path = ViewController.swift; sourceTree = "<group>"; };
		9CD8741C1A6AFDC100C11B3B /* Base */ = {isa = PBXFileReference; lastKnownFileType = file.storyboard; name = Base; path = Base.lproj/Main.storyboard; sourceTree = "<group>"; };
		9CD8741E1A6AFDC100C11B3B /* Images.xcassets */ = {isa = PBXFileReference; lastKnownFileType = folder.assetcatalog; path = Images.xcassets; sourceTree = "<group>"; };
		9CD874211A6AFDC100C11B3B /* Base */ = {isa = PBXFileReference; lastKnownFileType = file.xib; name = Base; path = Base.lproj/LaunchScreen.xib; sourceTree = "<group>"; };
		9CD874271A6AFDC100C11B3B /* TheAutoLayoutiestOfThemAllTests.xctest */ = {isa = PBXFileReference; explicitFileType = wrapper.cfbundle; includeInIndex = 0; path = TheAutoLayoutiestOfThemAllTests.xctest; sourceTree = BUILT_PRODUCTS_DIR; };
		9CD8742C1A6AFDC100C11B3B /* Info.plist */ = {isa = PBXFileReference; lastKnownFileType = text.plist.xml; path = Info.plist; sourceTree = "<group>"; };
		9CD8742D1A6AFDC100C11B3B /* TheAutoLayoutiestOfThemAllTests.swift */ = {isa = PBXFileReference; lastKnownFileType = sourcecode.swift; path = TheAutoLayoutiestOfThemAllTests.swift; sourceTree = "<group>"; };
		9CD874371A6AFE1700C11B3B /* TheTableViewCell.swift */ = {isa = PBXFileReference; fileEncoding = 4; lastKnownFileType = sourcecode.swift; path = TheTableViewCell.swift; sourceTree = "<group>"; };
		9CD874391A6AFE2B00C11B3B /* TheTableViewController.swift */ = {isa = PBXFileReference; fileEncoding = 4; lastKnownFileType = sourcecode.swift; path = TheTableViewController.swift; sourceTree = "<group>"; };
/* End PBXFileReference section */

/* Begin PBXFrameworksBuildPhase section */
		9CD8740F1A6AFDC100C11B3B /* Frameworks */ = {
			isa = PBXFrameworksBuildPhase;
			buildActionMask = 2147483647;
			files = (
			);
			runOnlyForDeploymentPostprocessing = 0;
		};
		9CD874241A6AFDC100C11B3B /* Frameworks */ = {
			isa = PBXFrameworksBuildPhase;
			buildActionMask = 2147483647;
			files = (
			);
			runOnlyForDeploymentPostprocessing = 0;
		};
/* End PBXFrameworksBuildPhase section */

/* Begin PBXGroup section */
		9CD874091A6AFDC100C11B3B = {
			isa = PBXGroup;
			children = (
				9CD874141A6AFDC100C11B3B /* TheAutoLayoutiestOfThemAll */,
				9CD8742A1A6AFDC100C11B3B /* TheAutoLayoutiestOfThemAllTests */,
				9CD874131A6AFDC100C11B3B /* Products */,
			);
			sourceTree = "<group>";
		};
		9CD874131A6AFDC100C11B3B /* Products */ = {
			isa = PBXGroup;
			children = (
				9CD874121A6AFDC100C11B3B /* TheAutoLayoutiestOfThemAll.app */,
				9CD874271A6AFDC100C11B3B /* TheAutoLayoutiestOfThemAllTests.xctest */,
			);
			name = Products;
			sourceTree = "<group>";
		};
		9CD874141A6AFDC100C11B3B /* TheAutoLayoutiestOfThemAll */ = {
			isa = PBXGroup;
			children = (
				9CD874171A6AFDC100C11B3B /* AppDelegate.swift */,
				9CD874391A6AFE2B00C11B3B /* TheTableViewController.swift */,
				9CD874371A6AFE1700C11B3B /* TheTableViewCell.swift */,
				9CD874191A6AFDC100C11B3B /* ViewController.swift */,
				9CD8741B1A6AFDC100C11B3B /* Main.storyboard */,
				9CD8741E1A6AFDC100C11B3B /* Images.xcassets */,
				9CD874201A6AFDC100C11B3B /* LaunchScreen.xib */,
				9CD874151A6AFDC100C11B3B /* Supporting Files */,
			);
			path = TheAutoLayoutiestOfThemAll;
			sourceTree = "<group>";
		};
		9CD874151A6AFDC100C11B3B /* Supporting Files */ = {
			isa = PBXGroup;
			children = (
				9CD874161A6AFDC100C11B3B /* Info.plist */,
			);
			name = "Supporting Files";
			sourceTree = "<group>";
		};
		9CD8742A1A6AFDC100C11B3B /* TheAutoLayoutiestOfThemAllTests */ = {
			isa = PBXGroup;
			children = (
				9CD8742D1A6AFDC100C11B3B /* TheAutoLayoutiestOfThemAllTests.swift */,
				9CD8742B1A6AFDC100C11B3B /* Supporting Files */,
			);
			path = TheAutoLayoutiestOfThemAllTests;
			sourceTree = "<group>";
		};
		9CD8742B1A6AFDC100C11B3B /* Supporting Files */ = {
			isa = PBXGroup;
			children = (
				9CD8742C1A6AFDC100C11B3B /* Info.plist */,
			);
			name = "Supporting Files";
			sourceTree = "<group>";
		};
/* End PBXGroup section */

/* Begin PBXNativeTarget section */
		9CD874111A6AFDC100C11B3B /* TheAutoLayoutiestOfThemAll */ = {
			isa = PBXNativeTarget;
			buildConfigurationList = 9CD874311A6AFDC100C11B3B /* Build configuration list for PBXNativeTarget "TheAutoLayoutiestOfThemAll" */;
			buildPhases = (
				9CD8740E1A6AFDC100C11B3B /* Sources */,
				9CD8740F1A6AFDC100C11B3B /* Frameworks */,
				9CD874101A6AFDC100C11B3B /* Resources */,
			);
			buildRules = (
			);
			dependencies = (
			);
			name = TheAutoLayoutiestOfThemAll;
			productName = TheAutoLayoutiestOfThemAll;
			productReference = 9CD874121A6AFDC100C11B3B /* TheAutoLayoutiestOfThemAll.app */;
			productType = "com.apple.product-type.application";
		};
		9CD874261A6AFDC100C11B3B /* TheAutoLayoutiestOfThemAllTests */ = {
			isa = PBXNativeTarget;
			buildConfigurationList = 9CD874341A6AFDC100C11B3B /* Build configuration list for PBXNativeTarget "TheAutoLayoutiestOfThemAllTests" */;
			buildPhases = (
				9CD874231A6AFDC100C11B3B /* Sources */,
				9CD874241A6AFDC100C11B3B /* Frameworks */,
				9CD874251A6AFDC100C11B3B /* Resources */,
			);
			buildRules = (
			);
			dependencies = (
				9CD874291A6AFDC100C11B3B /* PBXTargetDependency */,
			);
			name = TheAutoLayoutiestOfThemAllTests;
			productName = TheAutoLayoutiestOfThemAllTests;
			productReference = 9CD874271A6AFDC100C11B3B /* TheAutoLayoutiestOfThemAllTests.xctest */;
			productType = "com.apple.product-type.bundle.unit-test";
		};
/* End PBXNativeTarget section */

/* Begin PBXProject section */
		9CD8740A1A6AFDC100C11B3B /* Project object */ = {
			isa = PBXProject;
			attributes = {
				LastUpgradeCheck = 0610;
				ORGANIZATIONNAME = "Ian Lollar";
				TargetAttributes = {
					9CD874111A6AFDC100C11B3B = {
						CreatedOnToolsVersion = 6.1.1;
					};
					9CD874261A6AFDC100C11B3B = {
						CreatedOnToolsVersion = 6.1.1;
						TestTargetID = 9CD874111A6AFDC100C11B3B;
					};
				};
			};
			buildConfigurationList = 9CD8740D1A6AFDC100C11B3B /* Build configuration list for PBXProject "TheAutoLayoutiestOfThemAll" */;
			compatibilityVersion = "Xcode 3.2";
			developmentRegion = English;
			hasScannedForEncodings = 0;
			knownRegions = (
				en,
				Base,
			);
			mainGroup = 9CD874091A6AFDC100C11B3B;
			productRefGroup = 9CD874131A6AFDC100C11B3B /* Products */;
			projectDirPath = "";
			projectRoot = "";
			targets = (
				9CD874111A6AFDC100C11B3B /* TheAutoLayoutiestOfThemAll */,
				9CD874261A6AFDC100C11B3B /* TheAutoLayoutiestOfThemAllTests */,
			);
		};
/* End PBXProject section */

/* Begin PBXResourcesBuildPhase section */
		9CD874101A6AFDC100C11B3B /* Resources */ = {
			isa = PBXResourcesBuildPhase;
			buildActionMask = 2147483647;
			files = (
				9CD8741D1A6AFDC100C11B3B /* Main.storyboard in Resources */,
				9CD874221A6AFDC100C11B3B /* LaunchScreen.xib in Resources */,
				9CD8741F1A6AFDC100C11B3B /* Images.xcassets in Resources */,
			);
			runOnlyForDeploymentPostprocessing = 0;
		};
		9CD874251A6AFDC100C11B3B /* Resources */ = {
			isa = PBXResourcesBuildPhase;
			buildActionMask = 2147483647;
			files = (
			);
			runOnlyForDeploymentPostprocessing = 0;
		};
/* End PBXResourcesBuildPhase section */

/* Begin PBXSourcesBuildPhase section */
		9CD8740E1A6AFDC100C11B3B /* Sources */ = {
			isa = PBXSourcesBuildPhase;
			buildActionMask = 2147483647;
			files = (
				9CD8741A1A6AFDC100C11B3B /* ViewController.swift in Sources */,
				9CD874381A6AFE1700C11B3B /* TheTableViewCell.swift in Sources */,
				9CD874181A6AFDC100C11B3B /* AppDelegate.swift in Sources */,
				9CD8743A1A6AFE2B00C11B3B /* TheTableViewController.swift in Sources */,
			);
			runOnlyForDeploymentPostprocessing = 0;
		};
		9CD874231A6AFDC100C11B3B /* Sources */ = {
			isa = PBXSourcesBuildPhase;
			buildActionMask = 2147483647;
			files = (
				9CD8742E1A6AFDC100C11B3B /* TheAutoLayoutiestOfThemAllTests.swift in Sources */,
			);
			runOnlyForDeploymentPostprocessing = 0;
		};
/* End PBXSourcesBuildPhase section */

/* Begin PBXTargetDependency section */
		9CD874291A6AFDC100C11B3B /* PBXTargetDependency */ = {
			isa = PBXTargetDependency;
			target = 9CD874111A6AFDC100C11B3B /* TheAutoLayoutiestOfThemAll */;
			targetProxy = 9CD874281A6AFDC100C11B3B /* PBXContainerItemProxy */;
		};
/* End PBXTargetDependency section */

/* Begin PBXVariantGroup section */
		9CD8741B1A6AFDC100C11B3B /* Main.storyboard */ = {
			isa = PBXVariantGroup;
			children = (
				9CD8741C1A6AFDC100C11B3B /* Base */,
			);
			name = Main.storyboard;
			sourceTree = "<group>";
		};
		9CD874201A6AFDC100C11B3B /* LaunchScreen.xib */ = {
			isa = PBXVariantGroup;
			children = (
				9CD874211A6AFDC100C11B3B /* Base */,
			);
			name = LaunchScreen.xib;
			sourceTree = "<group>";
		};
/* End PBXVariantGroup section */

/* Begin XCBuildConfiguration section */
		9CD8742F1A6AFDC100C11B3B /* Debug */ = {
			isa = XCBuildConfiguration;
			buildSettings = {
				ALWAYS_SEARCH_USER_PATHS = NO;
				CLANG_CXX_LANGUAGE_STANDARD = "gnu++0x";
				CLANG_CXX_LIBRARY = "libc++";
				CLANG_ENABLE_MODULES = YES;
				CLANG_ENABLE_OBJC_ARC = YES;
				CLANG_WARN_BOOL_CONVERSION = YES;
				CLANG_WARN_CONSTANT_CONVERSION = YES;
				CLANG_WARN_DIRECT_OBJC_ISA_USAGE = YES_ERROR;
				CLANG_WARN_EMPTY_BODY = YES;
				CLANG_WARN_ENUM_CONVERSION = YES;
				CLANG_WARN_INT_CONVERSION = YES;
				CLANG_WARN_OBJC_ROOT_CLASS = YES_ERROR;
				CLANG_WARN_UNREACHABLE_CODE = YES;
				CLANG_WARN__DUPLICATE_METHOD_MATCH = YES;
				"CODE_SIGN_IDENTITY[sdk=iphoneos*]" = "iPhone Developer";
				COPY_PHASE_STRIP = NO;
				ENABLE_STRICT_OBJC_MSGSEND = YES;
				GCC_C_LANGUAGE_STANDARD = gnu99;
				GCC_DYNAMIC_NO_PIC = NO;
				GCC_OPTIMIZATION_LEVEL = 0;
				GCC_PREPROCESSOR_DEFINITIONS = (
					"DEBUG=1",
					"$(inherited)",
				);
				GCC_SYMBOLS_PRIVATE_EXTERN = NO;
				GCC_WARN_64_TO_32_BIT_CONVERSION = YES;
				GCC_WARN_ABOUT_RETURN_TYPE = YES_ERROR;
				GCC_WARN_UNDECLARED_SELECTOR = YES;
				GCC_WARN_UNINITIALIZED_AUTOS = YES_AGGRESSIVE;
				GCC_WARN_UNUSED_FUNCTION = YES;
				GCC_WARN_UNUSED_VARIABLE = YES;
				IPHONEOS_DEPLOYMENT_TARGET = 8.1;
				MTL_ENABLE_DEBUG_INFO = YES;
				ONLY_ACTIVE_ARCH = YES;
				SDKROOT = iphoneos;
				SWIFT_OPTIMIZATION_LEVEL = "-Onone";
			};
			name = Debug;
		};
		9CD874301A6AFDC100C11B3B /* Release */ = {
			isa = XCBuildConfiguration;
			buildSettings = {
				ALWAYS_SEARCH_USER_PATHS = NO;
				CLANG_CXX_LANGUAGE_STANDARD = "gnu++0x";
				CLANG_CXX_LIBRARY = "libc++";
				CLANG_ENABLE_MODULES = YES;
				CLANG_ENABLE_OBJC_ARC = YES;
				CLANG_WARN_BOOL_CONVERSION = YES;
				CLANG_WARN_CONSTANT_CONVERSION = YES;
				CLANG_WARN_DIRECT_OBJC_ISA_USAGE = YES_ERROR;
				CLANG_WARN_EMPTY_BODY = YES;
				CLANG_WARN_ENUM_CONVERSION = YES;
				CLANG_WARN_INT_CONVERSION = YES;
				CLANG_WARN_OBJC_ROOT_CLASS = YES_ERROR;
				CLANG_WARN_UNREACHABLE_CODE = YES;
				CLANG_WARN__DUPLICATE_METHOD_MATCH = YES;
				"CODE_SIGN_IDENTITY[sdk=iphoneos*]" = "iPhone Developer";
				COPY_PHASE_STRIP = YES;
				ENABLE_NS_ASSERTIONS = NO;
				ENABLE_STRICT_OBJC_MSGSEND = YES;
				GCC_C_LANGUAGE_STANDARD = gnu99;
				GCC_WARN_64_TO_32_BIT_CONVERSION = YES;
				GCC_WARN_ABOUT_RETURN_TYPE = YES_ERROR;
				GCC_WARN_UNDECLARED_SELECTOR = YES;
				GCC_WARN_UNINITIALIZED_AUTOS = YES_AGGRESSIVE;
				GCC_WARN_UNUSED_FUNCTION = YES;
				GCC_WARN_UNUSED_VARIABLE = YES;
				IPHONEOS_DEPLOYMENT_TARGET = 8.1;
				MTL_ENABLE_DEBUG_INFO = NO;
				SDKROOT = iphoneos;
				VALIDATE_PRODUCT = YES;
			};
			name = Release;
		};
		9CD874321A6AFDC100C11B3B /* Debug */ = {
			isa = XCBuildConfiguration;
			buildSettings = {
				ASSETCATALOG_COMPILER_APPICON_NAME = AppIcon;
				INFOPLIST_FILE = TheAutoLayoutiestOfThemAll/Info.plist;
				LD_RUNPATH_SEARCH_PATHS = "$(inherited) @executable_path/Frameworks";
				PRODUCT_NAME = "$(TARGET_NAME)";
			};
			name = Debug;
		};
		9CD874331A6AFDC100C11B3B /* Release */ = {
			isa = XCBuildConfiguration;
			buildSettings = {
				ASSETCATALOG_COMPILER_APPICON_NAME = AppIcon;
				INFOPLIST_FILE = TheAutoLayoutiestOfThemAll/Info.plist;
				LD_RUNPATH_SEARCH_PATHS = "$(inherited) @executable_path/Frameworks";
				PRODUCT_NAME = "$(TARGET_NAME)";
			};
			name = Release;
		};
		9CD874351A6AFDC100C11B3B /* Debug */ = {
			isa = XCBuildConfiguration;
			buildSettings = {
				BUNDLE_LOADER = "$(TEST_HOST)";
				FRAMEWORK_SEARCH_PATHS = (
					"$(SDKROOT)/Developer/Library/Frameworks",
					"$(inherited)",
				);
				GCC_PREPROCESSOR_DEFINITIONS = (
					"DEBUG=1",
					"$(inherited)",
				);
				INFOPLIST_FILE = TheAutoLayoutiestOfThemAllTests/Info.plist;
				LD_RUNPATH_SEARCH_PATHS = "$(inherited) @executable_path/Frameworks @loader_path/Frameworks";
				PRODUCT_NAME = "$(TARGET_NAME)";
				TEST_HOST = "$(BUILT_PRODUCTS_DIR)/TheAutoLayoutiestOfThemAll.app/TheAutoLayoutiestOfThemAll";
			};
			name = Debug;
		};
		9CD874361A6AFDC100C11B3B /* Release */ = {
			isa = XCBuildConfiguration;
			buildSettings = {
				BUNDLE_LOADER = "$(TEST_HOST)";
				FRAMEWORK_SEARCH_PATHS = (
					"$(SDKROOT)/Developer/Library/Frameworks",
					"$(inherited)",
				);
				INFOPLIST_FILE = TheAutoLayoutiestOfThemAllTests/Info.plist;
				LD_RUNPATH_SEARCH_PATHS = "$(inherited) @executable_path/Frameworks @loader_path/Frameworks";
				PRODUCT_NAME = "$(TARGET_NAME)";
				TEST_HOST = "$(BUILT_PRODUCTS_DIR)/TheAutoLayoutiestOfThemAll.app/TheAutoLayoutiestOfThemAll";
			};
			name = Release;
		};
/* End XCBuildConfiguration section */

/* Begin XCConfigurationList section */
		9CD8740D1A6AFDC100C11B3B /* Build configuration list for PBXProject "TheAutoLayoutiestOfThemAll" */ = {
			isa = XCConfigurationList;
			buildConfigurations = (
				9CD8742F1A6AFDC100C11B3B /* Debug */,
				9CD874301A6AFDC100C11B3B /* Release */,
			);
			defaultConfigurationIsVisible = 0;
			defaultConfigurationName = Release;
		};
		9CD874311A6AFDC100C11B3B /* Build configuration list for PBXNativeTarget "TheAutoLayoutiestOfThemAll" */ = {
			isa = XCConfigurationList;
			buildConfigurations = (
				9CD874321A6AFDC100C11B3B /* Debug */,
				9CD874331A6AFDC100C11B3B /* Release */,
			);
			defaultConfigurationIsVisible = 0;
		};
		9CD874341A6AFDC100C11B3B /* Build configuration list for PBXNativeTarget "TheAutoLayoutiestOfThemAllTests" */ = {
			isa = XCConfigurationList;
			buildConfigurations = (
				9CD874351A6AFDC100C11B3B /* Debug */,
				9CD874361A6AFDC100C11B3B /* Release */,
			);
			defaultConfigurationIsVisible = 0;
		};
/* End XCConfigurationList section */
	};
	rootObject = 9CD8740A1A6AFDC100C11B3B /* Project object */;
}
